// !$*UTF8*$!
{
	archiveVersion = 1;
	classes = {
	};
	objectVersion = 56;
	objects = {

/* Begin PBXBuildFile section */
		BB0000000000000000000101 /* GoldCotTrackerApp.swift in Sources */ = {isa = PBXBuildFile; fileRef = BB0000000000000000000001 /* GoldCotTrackerApp.swift */; };
		BB0000000000000000000102 /* Models.swift in Sources */ = {isa = PBXBuildFile; fileRef = BB0000000000000000000002 /* Models.swift */; };
		BB0000000000000000000103 /* DataStore.swift in Sources */ = {isa = PBXBuildFile; fileRef = BB0000000000000000000003 /* DataStore.swift */; };
		BB0000000000000000000104 /* Indicators.swift in Sources */ = {isa = PBXBuildFile; fileRef = BB0000000000000000000004 /* Indicators.swift */; };
		BB0000000000000000000105 /* ChartViews.swift in Sources */ = {isa = PBXBuildFile; fileRef = BB0000000000000000000005 /* ChartViews.swift */; };
		BB0000000000000000000106 /* DashboardView.swift in Sources */ = {isa = PBXBuildFile; fileRef = BB0000000000000000000006 /* DashboardView.swift */; };
		BB0000000000000000000107 /* TAView.swift in Sources */ = {isa = PBXBuildFile; fileRef = BB0000000000000000000007 /* TAView.swift */; };
		BB0000000000000000000108 /* CandleChartView.swift in Sources */ = {isa = PBXBuildFile; fileRef = BB0000000000000000000008 /* CandleChartView.swift */; };
/* End PBXBuildFile section */

/* Begin PBXFileReference section */
		BB0000000000000000000001 /* GoldCotTrackerApp.swift */ = {isa = PBXFileReference; lastKnownFileType = sourcecode.swift; path = GoldCotTrackerApp.swift; sourceTree = "<group>"; };
		BB0000000000000000000002 /* Models.swift */ = {isa = PBXFileReference; lastKnownFileType = sourcecode.swift; path = Models.swift; sourceTree = "<group>"; };
		BB0000000000000000000003 /* DataStore.swift */ = {isa = PBXFileReference; lastKnownFileType = sourcecode.swift; path = DataStore.swift; sourceTree = "<group>"; };
		BB0000000000000000000004 /* Indicators.swift */ = {isa = PBXFileReference; lastKnownFileType = sourcecode.swift; path = Indicators.swift; sourceTree = "<group>"; };
		BB0000000000000000000005 /* ChartViews.swift */ = {isa = PBXFileReference; lastKnownFileType = sourcecode.swift; path = ChartViews.swift; sourceTree = "<group>"; };
		BB0000000000000000000006 /* DashboardView.swift */ = {isa = PBXFileReference; lastKnownFileType = sourcecode.swift; path = DashboardView.swift; sourceTree = "<group>"; };
		BB0000000000000000000007 /* TAView.swift */ = {isa = PBXFileReference; lastKnownFileType = sourcecode.swift; path = TAView.swift; sourceTree = "<group>"; };
		BB0000000000000000000008 /* CandleChartView.swift */ = {isa = PBXFileReference; lastKnownFileType = sourcecode.swift; path = CandleChartView.swift; sourceTree = "<group>"; };
		BB0000000000000000000090 /* Info.plist */ = {isa = PBXFileReference; lastKnownFileType = text.plist.xml; path = Info.plist; sourceTree = "<group>"; };
		BB00000000000000000000F0 /* GoldCotTracker.app */ = {isa = PBXFileReference; explicitFileType = wrapper.application; includeInIndex = 0; path = GoldCotTracker.app; sourceTree = BUILT_PRODUCTS_DIR; };
/* End PBXFileReference section */

/* Begin PBXFrameworksBuildPhase section */
		BB0000000000000000000201 /* Frameworks */ = {
			isa = PBXFrameworksBuildPhase;
			buildActionMask = 2147483647;
			files = (
			);
			runOnlyForDeploymentPostprocessing = 0;
		};
/* End PBXFrameworksBuildPhase section */

/* Begin PBXGroup section */
		BB0000000000000000000300 = {
			isa = PBXGroup;
			children = (
				BB0000000000000000000302 /* Sources */,
				BB0000000000000000000303 /* Generated */,
				BB0000000000000000000301 /* Products */,
			);
			sourceTree = "<group>";
		};
		BB0000000000000000000301 /* Products */ = {
			isa = PBXGroup;
			children = (
				BB00000000000000000000F0 /* GoldCotTracker.app */,
			);
			name = Products;
			sourceTree = "<group>";
		};
		BB0000000000000000000302 /* Sources */ = {
			isa = PBXGroup;
			children = (
				BB0000000000000000000001 /* GoldCotTrackerApp.swift */,
				BB0000000000000000000002 /* Models.swift */,
				BB0000000000000000000003 /* DataStore.swift */,
				BB0000000000000000000004 /* Indicators.swift */,
				BB0000000000000000000005 /* ChartViews.swift */,
				BB0000000000000000000006 /* DashboardView.swift */,
				BB0000000000000000000007 /* TAView.swift */,
				BB0000000000000000000008 /* CandleChartView.swift */,
			);
			path = Sources;
			sourceTree = "<group>";
		};
		BB0000000000000000000303 /* Generated */ = {
			isa = PBXGroup;
			children = (
				BB0000000000000000000090 /* Info.plist */,
			);
			path = Generated;
			sourceTree = "<group>";
		};
/* End PBXGroup section */

/* Begin PBXNativeTarget section */
		BB0000000000000000000401 /* GoldCotTracker */ = {
			isa = PBXNativeTarget;
			buildConfigurationList = BB0000000000000000000502 /* Build configuration list for PBXNativeTarget "GoldCotTracker" */;
			buildPhases = (
				BB0000000000000000000202 /* Sources */,
				BB0000000000000000000201 /* Frameworks */,
			);
			buildRules = (
			);
			dependencies = (
			);
			name = GoldCotTracker;
			productName = GoldCotTracker;
			productReference = BB00000000000000000000F0 /* GoldCotTracker.app */;
			productType = "com.apple.product-type.application";
		};
/* End PBXNativeTarget section */

/* Begin PBXProject section */
		BB0000000000000000000400 /* Project object */ = {
			isa = PBXProject;
			attributes = {
				BuildIndependentTargetsInParallel = 1;
				LastSwiftUpdateCheck = 1500;
				LastUpgradeCheck = 2700;
				TargetAttributes = {
					BB0000000000000000000401 = {
						CreatedOnToolsVersion = 15.0;
					};
				};
			};
			buildConfigurationList = BB0000000000000000000501 /* Build configuration list for PBXProject "GoldCotTracker" */;
			compatibilityVersion = "Xcode 14.0";
			developmentRegion = zh_CN;
			hasScannedForEncodings = 0;
			knownRegions = (
				zh_CN,
				en,
				Base,
			);
			mainGroup = BB0000000000000000000300;
			productRefGroup = BB0000000000000000000301 /* Products */;
			projectDirPath = "";
			projectRoot = "";
			targets = (
				BB0000000000000000000401 /* GoldCotTracker */,
			);
		};
/* End PBXProject section */

/* Begin PBXSourcesBuildPhase section */
		BB0000000000000000000202 /* Sources */ = {
			isa = PBXSourcesBuildPhase;
			buildActionMask = 2147483647;
			files = (
				BB0000000000000000000101 /* GoldCotTrackerApp.swift in Sources */,
				BB0000000000000000000102 /* Models.swift in Sources */,
				BB0000000000000000000103 /* DataStore.swift in Sources */,
				BB0000000000000000000104 /* Indicators.swift in Sources */,
				BB0000000000000000000105 /* ChartViews.swift in Sources */,
				BB0000000000000000000106 /* DashboardView.swift in Sources */,
				BB0000000000000000000107 /* TAView.swift in Sources */,
				BB0000000000000000000108 /* CandleChartView.swift in Sources */,
			);
			runOnlyForDeploymentPostprocessing = 0;
		};
/* End PBXSourcesBuildPhase section */

/* Begin XCBuildConfiguration section */
		BB0000000000000000000601 /* Debug */ = {
			isa = XCBuildConfiguration;
			buildSettings = {
				ALWAYS_SEARCH_USER_PATHS = NO;
				CLANG_ANALYZER_LOCALIZABILITY_NONLOCALIZED = YES;
				CLANG_ANALYZER_NONNULL = YES;
				CLANG_ENABLE_MODULES = YES;
				CLANG_ENABLE_OBJC_ARC = YES;
				CLANG_WARN_BLOCK_CAPTURE_AUTORELEASING = YES;
				CLANG_WARN_BOOL_CONVERSION = YES;
				CLANG_WARN_COMMA = YES;
				CLANG_WARN_CONSTANT_CONVERSION = YES;
				CLANG_WARN_DEPRECATED_OBJC_IMPLEMENTATIONS = YES;
				CLANG_WARN_EMPTY_BODY = YES;
				CLANG_WARN_ENUM_CONVERSION = YES;
				CLANG_WARN_INFINITE_RECURSION = YES;
				CLANG_WARN_INT_CONVERSION = YES;
				CLANG_WARN_NON_LITERAL_NULL_CONVERSION = YES;
				CLANG_WARN_OBJC_IMPLICIT_RETAIN_SELF = YES;
				CLANG_WARN_OBJC_LITERAL_CONVERSION = YES;
				CLANG_WARN_QUOTED_INCLUDE_IN_FRAMEWORK_HEADER = YES;
				CLANG_WARN_RANGE_LOOP_ANALYSIS = YES;
				CLANG_WARN_STRICT_PROTOTYPES = YES;
				CLANG_WARN_SUSPICIOUS_MOVE = YES;
				CLANG_WARN_UNREACHABLE_CODE = YES;
				CLANG_WARN__DUPLICATE_METHOD_MATCH = YES;
				COPY_PHASE_STRIP = NO;
				DEBUG_INFORMATION_FORMAT = dwarf;
				ENABLE_STRICT_OBJC_MSGSEND = YES;
				ENABLE_TESTABILITY = YES;
				ENABLE_USER_SCRIPT_SANDBOXING = YES;
				GCC_C_LANGUAGE_STANDARD = gnu11;
				GCC_DYNAMIC_NO_PIC = NO;
				GCC_NO_COMMON_BLOCKS = YES;
				GCC_OPTIMIZATION_LEVEL = 0;
				GCC_PREPROCESSOR_DEFINITIONS = (
					"DEBUG=1",
					"$(inherited)",
				);
				GCC_WARN_64_TO_32_BIT_CONVERSION = YES;
				GCC_WARN_ABOUT_RETURN_TYPE = YES_ERROR;
				GCC_WARN_UNDECLARED_SELECTOR = YES;
				GCC_WARN_UNINITIALIZED_AUTOS = YES_AGGRESSIVE;
				GCC_WARN_UNUSED_FUNCTION = YES;
				GCC_WARN_UNUSED_VARIABLE = YES;
				IPHONEOS_DEPLOYMENT_TARGET = 17.0;
				MTL_ENABLE_DEBUG_INFO = INCLUDE_SOURCE;
				ONLY_ACTIVE_ARCH = YES;
				SDKROOT = iphoneos;
				STRING_CATALOG_GENERATE_SYMBOLS = YES;
				SWIFT_ACTIVE_COMPILATION_CONDITIONS = DEBUG;
				SWIFT_OPTIMIZATION_LEVEL = "-Onone";
			};
			name = Debug;
		};
		BB0000000000000000000602 /* Release */ = {
			isa = XCBuildConfiguration;
			buildSettings = {
				ALWAYS_SEARCH_USER_PATHS = NO;
				CLANG_ANALYZER_LOCALIZABILITY_NONLOCALIZED = YES;
				CLANG_ANALYZER_NONNULL = YES;
				CLANG_ENABLE_MODULES = YES;
				CLANG_ENABLE_OBJC_ARC = YES;
				CLANG_WARN_BLOCK_CAPTURE_AUTORELEASING = YES;
				CLANG_WARN_BOOL_CONVERSION = YES;
				CLANG_WARN_COMMA = YES;
				CLANG_WARN_CONSTANT_CONVERSION = YES;
				CLANG_WARN_DEPRECATED_OBJC_IMPLEMENTATIONS = YES;
				CLANG_WARN_EMPTY_BODY = YES;
				CLANG_WARN_ENUM_CONVERSION = YES;
				CLANG_WARN_INFINITE_RECURSION = YES;
				CLANG_WARN_INT_CONVERSION = YES;
				CLANG_WARN_NON_LITERAL_NULL_CONVERSION = YES;
				CLANG_WARN_OBJC_IMPLICIT_RETAIN_SELF = YES;
				CLANG_WARN_OBJC_LITERAL_CONVERSION = YES;
				CLANG_WARN_QUOTED_INCLUDE_IN_FRAMEWORK_HEADER = YES;
				CLANG_WARN_RANGE_LOOP_ANALYSIS = YES;
				CLANG_WARN_STRICT_PROTOTYPES = YES;
				CLANG_WARN_SUSPICIOUS_MOVE = YES;
				CLANG_WARN_UNREACHABLE_CODE = YES;
				CLANG_WARN__DUPLICATE_METHOD_MATCH = YES;
				COPY_PHASE_STRIP = NO;
				DEBUG_INFORMATION_FORMAT = "dwarf-with-dsym";
				ENABLE_NS_ASSERTIONS = NO;
				ENABLE_STRICT_OBJC_MSGSEND = YES;
				ENABLE_USER_SCRIPT_SANDBOXING = YES;
				GCC_C_LANGUAGE_STANDARD = gnu11;
				GCC_NO_COMMON_BLOCKS = YES;
				GCC_WARN_64_TO_32_BIT_CONVERSION = YES;
				GCC_WARN_ABOUT_RETURN_TYPE = YES_ERROR;
				GCC_WARN_UNDECLARED_SELECTOR = YES;
				GCC_WARN_UNINITIALIZED_AUTOS = YES_AGGRESSIVE;
				GCC_WARN_UNUSED_FUNCTION = YES;
				GCC_WARN_UNUSED_VARIABLE = YES;
				IPHONEOS_DEPLOYMENT_TARGET = 17.0;
				MTL_ENABLE_DEBUG_INFO = NO;
				SDKROOT = iphoneos;
				STRING_CATALOG_GENERATE_SYMBOLS = YES;
				SWIFT_COMPILATION_MODE = wholemodule;
				SWIFT_OPTIMIZATION_LEVEL = "-O";
				VALIDATE_PRODUCT = YES;
			};
			name = Release;
		};
		BB0000000000000000000603 /* Debug */ = {
			isa = XCBuildConfiguration;
			buildSettings = {
				ASSETCATALOG_COMPILER_GLOBAL_ACCENT_COLOR_NAME = AccentColor;
				CODE_SIGNING_ALLOWED = NO;
				CODE_SIGN_STYLE = Automatic;
				CURRENT_PROJECT_VERSION = 1;
				GENERATE_INFOPLIST_FILE = NO;
				INFOPLIST_FILE = Generated/Info.plist;
				INFOPLIST_KEY_UIApplicationSceneManifest_Generation = YES;
				INFOPLIST_KEY_UILaunchScreen_Generation = YES;
				IPHONEOS_DEPLOYMENT_TARGET = 17.0;
				LD_RUNPATH_SEARCH_PATHS = (
					"$(inherited)",
					"@executable_path/Frameworks",
				);
				MARKETING_VERSION = 1.0;
				PRODUCT_BUNDLE_IDENTIFIER = com.tsingshuizhang.GoldCotTracker;
				PRODUCT_NAME = "$(TARGET_NAME)";
				SWIFT_EMIT_LOC_STRINGS = YES;
				SWIFT_VERSION = 5.0;
				TARGETED_DEVICE_FAMILY = "1,2";
			};
			name = Debug;
		};
		BB0000000000000000000604 /* Release */ = {
			isa = XCBuildConfiguration;
			buildSettings = {
				ASSETCATALOG_COMPILER_GLOBAL_ACCENT_COLOR_NAME = AccentColor;
				CODE_SIGNING_ALLOWED = NO;
				CODE_SIGN_STYLE = Automatic;
				CURRENT_PROJECT_VERSION = 1;
				GENERATE_INFOPLIST_FILE = NO;
				INFOPLIST_FILE = Generated/Info.plist;
				INFOPLIST_KEY_UIApplicationSceneManifest_Generation = YES;
				INFOPLIST_KEY_UILaunchScreen_Generation = YES;
				IPHONEOS_DEPLOYMENT_TARGET = 17.0;
				LD_RUNPATH_SEARCH_PATHS = (
					"$(inherited)",
					"@executable_path/Frameworks",
				);
				MARKETING_VERSION = 1.0;
				PRODUCT_BUNDLE_IDENTIFIER = com.tsingshuizhang.GoldCotTracker;
				PRODUCT_NAME = "$(TARGET_NAME)";
				SWIFT_EMIT_LOC_STRINGS = YES;
				SWIFT_VERSION = 5.0;
				TARGETED_DEVICE_FAMILY = "1,2";
			};
			name = Release;
		};
/* End XCBuildConfiguration section */

/* Begin XCConfigurationList section */
		BB0000000000000000000501 /* Build configuration list for PBXProject "GoldCotTracker" */ = {
			isa = XCConfigurationList;
			buildConfigurations = (
				BB0000000000000000000601 /* Debug */,
				BB0000000000000000000602 /* Release */,
			);
			defaultConfigurationIsVisible = 0;
			defaultConfigurationName = Release;
		};
		BB0000000000000000000502 /* Build configuration list for PBXNativeTarget "GoldCotTracker" */ = {
			isa = XCConfigurationList;
			buildConfigurations = (
				BB0000000000000000000603 /* Debug */,
				BB0000000000000000000604 /* Release */,
			);
			defaultConfigurationIsVisible = 0;
			defaultConfigurationName = Release;
		};
/* End XCConfigurationList section */
	};
	rootObject = BB0000000000000000000400 /* Project object */;
}
